
Microsoft Visual Studio Solution File, Format Version 12.00
# Visual Studio Version 16
VisualStudioVersion = 16.0.30406.217
MinimumVisualStudioVersion = 10.0.40219.1
Project("{FAE04EC0-301F-11D3-BF4B-00C04F79EFBC}") = "Lab02", "Lab02\Lab02.csproj", "{137D7878-8A70-4995-BC16-9998D6447754}"
EndProject
Global
	GlobalSection(SolutionConfigurationPlatforms) = preSolution
		Debug|Any CPU = Debug|Any CPU
		Release|Any CPU = Release|Any CPU
	EndGlobalSection
	GlobalSection(ProjectConfigurationPlatforms) = postSolution
		{137D7878-8A70-4995-BC16-9998D6447754}.Debug|Any CPU.ActiveCfg = Debug|Any CPU
		{137D7878-8A70-4995-BC16-9998D6447754}.Debug|Any CPU.Build.0 = Debug|Any CPU
		{137D7878-8A70-4995-BC16-9998D6447754}.Release|Any CPU.ActiveCfg = Release|Any CPU
		{137D7878-8A70-4995-BC16-9998D6447754}.Release|Any CPU.Build.0 = Release|Any CPU
	EndGlobalSection
	GlobalSection(SolutionProperties) = preSolution
		HideSolutionNode = FALSE
	EndGlobalSection
	GlobalSection(ExtensibilityGlobals) = postSolution
		SolutionGuid = {64C46633-4234-470E-8154-EB1A404804AC}
	EndGlobalSection
EndGlobal
