
Microsoft Visual Studio Solution File, Format Version 12.00
# Visual Studio Version 16
VisualStudioVersion = 16.0.30406.217
MinimumVisualStudioVersion = 10.0.40219.1
Project("{FAE04EC0-301F-11D3-BF4B-00C04F79EFBC}") = "Lab13", "Lab13\Lab13.csproj", "{0B0DCD8F-E086-485F-8097-663DACE5102C}"
EndProject
Global
	GlobalSection(SolutionConfigurationPlatforms) = preSolution
		Debug|Any CPU = Debug|Any CPU
		Release|Any CPU = Release|Any CPU
	EndGlobalSection
	GlobalSection(ProjectConfigurationPlatforms) = postSolution
		{0B0DCD8F-E086-485F-8097-663DACE5102C}.Debug|Any CPU.ActiveCfg = Debug|Any CPU
		{0B0DCD8F-E086-485F-8097-663DACE5102C}.Debug|Any CPU.Build.0 = Debug|Any CPU
		{0B0DCD8F-E086-485F-8097-663DACE5102C}.Release|Any CPU.ActiveCfg = Release|Any CPU
		{0B0DCD8F-E086-485F-8097-663DACE5102C}.Release|Any CPU.Build.0 = Release|Any CPU
	EndGlobalSection
	GlobalSection(SolutionProperties) = preSolution
		HideSolutionNode = FALSE
	EndGlobalSection
	GlobalSection(ExtensibilityGlobals) = postSolution
		SolutionGuid = {B8DF2911-3263-4D18-AC77-F684C9A07278}
	EndGlobalSection
EndGlobal
