
Microsoft Visual Studio Solution File, Format Version 12.00
# Visual Studio Version 16
VisualStudioVersion = 16.0.30406.217
MinimumVisualStudioVersion = 10.0.40219.1
Project("{FAE04EC0-301F-11D3-BF4B-00C04F79EFBC}") = "Lab10", "Lab10\Lab10.csproj", "{212C195A-9C98-4B0C-8F48-D17405573402}"
EndProject
Global
	GlobalSection(SolutionConfigurationPlatforms) = preSolution
		Debug|Any CPU = Debug|Any CPU
		Release|Any CPU = Release|Any CPU
	EndGlobalSection
	GlobalSection(ProjectConfigurationPlatforms) = postSolution
		{212C195A-9C98-4B0C-8F48-D17405573402}.Debug|Any CPU.ActiveCfg = Debug|Any CPU
		{212C195A-9C98-4B0C-8F48-D17405573402}.Debug|Any CPU.Build.0 = Debug|Any CPU
		{212C195A-9C98-4B0C-8F48-D17405573402}.Release|Any CPU.ActiveCfg = Release|Any CPU
		{212C195A-9C98-4B0C-8F48-D17405573402}.Release|Any CPU.Build.0 = Release|Any CPU
	EndGlobalSection
	GlobalSection(SolutionProperties) = preSolution
		HideSolutionNode = FALSE
	EndGlobalSection
	GlobalSection(ExtensibilityGlobals) = postSolution
		SolutionGuid = {7FFAF199-5383-4F03-AE4F-BD206D07F5A8}
	EndGlobalSection
EndGlobal
