
Microsoft Visual Studio Solution File, Format Version 12.00
# Visual Studio Version 16
VisualStudioVersion = 16.0.30406.217
MinimumVisualStudioVersion = 10.0.40219.1
Project("{FAE04EC0-301F-11D3-BF4B-00C04F79EFBC}") = "Lab11", "Lab11\Lab11.csproj", "{0AD0556B-F583-40ED-A3F5-A5898FA48226}"
EndProject
Global
	GlobalSection(SolutionConfigurationPlatforms) = preSolution
		Debug|Any CPU = Debug|Any CPU
		Release|Any CPU = Release|Any CPU
	EndGlobalSection
	GlobalSection(ProjectConfigurationPlatforms) = postSolution
		{0AD0556B-F583-40ED-A3F5-A5898FA48226}.Debug|Any CPU.ActiveCfg = Debug|Any CPU
		{0AD0556B-F583-40ED-A3F5-A5898FA48226}.Debug|Any CPU.Build.0 = Debug|Any CPU
		{0AD0556B-F583-40ED-A3F5-A5898FA48226}.Release|Any CPU.ActiveCfg = Release|Any CPU
		{0AD0556B-F583-40ED-A3F5-A5898FA48226}.Release|Any CPU.Build.0 = Release|Any CPU
	EndGlobalSection
	GlobalSection(SolutionProperties) = preSolution
		HideSolutionNode = FALSE
	EndGlobalSection
	GlobalSection(ExtensibilityGlobals) = postSolution
		SolutionGuid = {393EAB5C-2DAE-45AA-A876-BEE5A33A73D9}
	EndGlobalSection
EndGlobal
